
Microsoft Visual Studio Solution File, Format Version 12.00
# Visual Studio Version 17
VisualStudioVersion = 17.2.32526.322
MinimumVisualStudioVersion = 10.0.40219.1
Project("{2150E333-8FDC-42A3-9474-1A3956D46DE8}") = "Services", "Services", "{BA30617F-4389-4984-AB04-448B49A7CE4D}"
EndProject
Project("{2150E333-8FDC-42A3-9474-1A3956D46DE8}") = "Catalog", "Catalog", "{204A9A41-592D-4616-B69C-CDFD60E03B63}"
EndProject
Project("{9A19103F-16F7-4668-BE54-9A1E7A4F7556}") = "Catalog.API", "Services\Catalog\Catalog.API\Catalog.API.csproj", "{DD511EC9-E01B-474E-A6ED-4422E9769FF4}"
EndProject
Project("{E53339B2-1760-4266-BCC7-CA923CBCF16C}") = "docker-compose", "docker-compose.dcproj", "{02ACA12C-ECAA-442C-BE41-F766B506C119}"
EndProject
Project("{2150E333-8FDC-42A3-9474-1A3956D46DE8}") = "Basket", "Basket", "{31E9D110-4AC4-4AE2-B49C-EFE7F98B0E3B}"
EndProject
Project("{FAE04EC0-301F-11D3-BF4B-00C04F79EFBC}") = "Basket.API", "Services\Basket\Basket.API\Basket.API.csproj", "{5209F4D4-4DC7-4823-922D-CF3D0193D27C}"
EndProject
Global
	GlobalSection(SolutionConfigurationPlatforms) = preSolution
		Debug|Any CPU = Debug|Any CPU
		Release|Any CPU = Release|Any CPU
	EndGlobalSection
	GlobalSection(ProjectConfigurationPlatforms) = postSolution
		{DD511EC9-E01B-474E-A6ED-4422E9769FF4}.Debug|Any CPU.ActiveCfg = Debug|Any CPU
		{DD511EC9-E01B-474E-A6ED-4422E9769FF4}.Debug|Any CPU.Build.0 = Debug|Any CPU
		{DD511EC9-E01B-474E-A6ED-4422E9769FF4}.Release|Any CPU.ActiveCfg = Release|Any CPU
		{DD511EC9-E01B-474E-A6ED-4422E9769FF4}.Release|Any CPU.Build.0 = Release|Any CPU
		{02ACA12C-ECAA-442C-BE41-F766B506C119}.Debug|Any CPU.ActiveCfg = Debug|Any CPU
		{02ACA12C-ECAA-442C-BE41-F766B506C119}.Debug|Any CPU.Build.0 = Debug|Any CPU
		{02ACA12C-ECAA-442C-BE41-F766B506C119}.Release|Any CPU.ActiveCfg = Release|Any CPU
		{02ACA12C-ECAA-442C-BE41-F766B506C119}.Release|Any CPU.Build.0 = Release|Any CPU
		{5209F4D4-4DC7-4823-922D-CF3D0193D27C}.Debug|Any CPU.ActiveCfg = Debug|Any CPU
		{5209F4D4-4DC7-4823-922D-CF3D0193D27C}.Debug|Any CPU.Build.0 = Debug|Any CPU
		{5209F4D4-4DC7-4823-922D-CF3D0193D27C}.Release|Any CPU.ActiveCfg = Release|Any CPU
		{5209F4D4-4DC7-4823-922D-CF3D0193D27C}.Release|Any CPU.Build.0 = Release|Any CPU
	EndGlobalSection
	GlobalSection(SolutionProperties) = preSolution
		HideSolutionNode = FALSE
	EndGlobalSection
	GlobalSection(NestedProjects) = preSolution
		{204A9A41-592D-4616-B69C-CDFD60E03B63} = {BA30617F-4389-4984-AB04-448B49A7CE4D}
		{DD511EC9-E01B-474E-A6ED-4422E9769FF4} = {204A9A41-592D-4616-B69C-CDFD60E03B63}
		{31E9D110-4AC4-4AE2-B49C-EFE7F98B0E3B} = {BA30617F-4389-4984-AB04-448B49A7CE4D}
		{5209F4D4-4DC7-4823-922D-CF3D0193D27C} = {31E9D110-4AC4-4AE2-B49C-EFE7F98B0E3B}
	EndGlobalSection
	GlobalSection(ExtensibilityGlobals) = postSolution
		SolutionGuid = {7C216541-DC5D-4A15-8BBB-B7CDF9F262FF}
	EndGlobalSection
EndGlobal
